
Microsoft Visual Studio Solution File, Format Version 12.00
# Visual Studio Version 16
VisualStudioVersion = 16.0.29403.142
MinimumVisualStudioVersion = 10.0.40219.1
Project("{FAE04EC0-301F-11D3-BF4B-00C04F79EFBC}") = "8 sum square difference", "8 sum square difference\8 sum square difference.csproj", "{4991C4F3-DEC4-4F59-9B72-376E1A34AC20}"
EndProject
Global
	GlobalSection(SolutionConfigurationPlatforms) = preSolution
		Debug|Any CPU = Debug|Any CPU
		Release|Any CPU = Release|Any CPU
	EndGlobalSection
	GlobalSection(ProjectConfigurationPlatforms) = postSolution
		{4991C4F3-DEC4-4F59-9B72-376E1A34AC20}.Debug|Any CPU.ActiveCfg = Debug|Any CPU
		{4991C4F3-DEC4-4F59-9B72-376E1A34AC20}.Debug|Any CPU.Build.0 = Debug|Any CPU
		{4991C4F3-DEC4-4F59-9B72-376E1A34AC20}.Release|Any CPU.ActiveCfg = Release|Any CPU
		{4991C4F3-DEC4-4F59-9B72-376E1A34AC20}.Release|Any CPU.Build.0 = Release|Any CPU
	EndGlobalSection
	GlobalSection(SolutionProperties) = preSolution
		HideSolutionNode = FALSE
	EndGlobalSection
	GlobalSection(ExtensibilityGlobals) = postSolution
		SolutionGuid = {283405EB-6AAD-439B-AA19-F5E8CF462F59}
	EndGlobalSection
EndGlobal
