
Microsoft Visual Studio Solution File, Format Version 12.00
# Visual Studio Version 16
VisualStudioVersion = 16.0.29403.142
MinimumVisualStudioVersion = 10.0.40219.1
Project("{FAE04EC0-301F-11D3-BF4B-00C04F79EFBC}") = "1 multiples of 3 and 5", "1 multiples of 3 and 5\1 multiples of 3 and 5.csproj", "{953D941A-CF69-438F-A8BF-2C00DA77B08F}"
EndProject
Global
	GlobalSection(SolutionConfigurationPlatforms) = preSolution
		Debug|Any CPU = Debug|Any CPU
		Release|Any CPU = Release|Any CPU
	EndGlobalSection
	GlobalSection(ProjectConfigurationPlatforms) = postSolution
		{953D941A-CF69-438F-A8BF-2C00DA77B08F}.Debug|Any CPU.ActiveCfg = Debug|Any CPU
		{953D941A-CF69-438F-A8BF-2C00DA77B08F}.Debug|Any CPU.Build.0 = Debug|Any CPU
		{953D941A-CF69-438F-A8BF-2C00DA77B08F}.Release|Any CPU.ActiveCfg = Release|Any CPU
		{953D941A-CF69-438F-A8BF-2C00DA77B08F}.Release|Any CPU.Build.0 = Release|Any CPU
	EndGlobalSection
	GlobalSection(SolutionProperties) = preSolution
		HideSolutionNode = FALSE
	EndGlobalSection
	GlobalSection(ExtensibilityGlobals) = postSolution
		SolutionGuid = {390414AF-4C6D-45D7-8F1B-9B5DCAE61343}
	EndGlobalSection
EndGlobal
