
Microsoft Visual Studio Solution File, Format Version 12.00
# Visual Studio Version 16
VisualStudioVersion = 16.0.29403.142
MinimumVisualStudioVersion = 10.0.40219.1
Project("{FAE04EC0-301F-11D3-BF4B-00C04F79EFBC}") = "2 Even fibonacci numbers", "2 Even fibonacci numbers\2 Even fibonacci numbers.csproj", "{48935D5C-5411-4383-B397-C104E5CD24C6}"
EndProject
Global
	GlobalSection(SolutionConfigurationPlatforms) = preSolution
		Debug|Any CPU = Debug|Any CPU
		Release|Any CPU = Release|Any CPU
	EndGlobalSection
	GlobalSection(ProjectConfigurationPlatforms) = postSolution
		{48935D5C-5411-4383-B397-C104E5CD24C6}.Debug|Any CPU.ActiveCfg = Debug|Any CPU
		{48935D5C-5411-4383-B397-C104E5CD24C6}.Debug|Any CPU.Build.0 = Debug|Any CPU
		{48935D5C-5411-4383-B397-C104E5CD24C6}.Release|Any CPU.ActiveCfg = Release|Any CPU
		{48935D5C-5411-4383-B397-C104E5CD24C6}.Release|Any CPU.Build.0 = Release|Any CPU
	EndGlobalSection
	GlobalSection(SolutionProperties) = preSolution
		HideSolutionNode = FALSE
	EndGlobalSection
	GlobalSection(ExtensibilityGlobals) = postSolution
		SolutionGuid = {E5E51C7C-95AD-4668-9170-C71B640F57B8}
	EndGlobalSection
EndGlobal
